
Microsoft Visual Studio Solution File, Format Version 12.00
# Visual Studio Version 16
VisualStudioVersion = 16.0.31105.61
MinimumVisualStudioVersion = 10.0.40219.1
Project("{FAE04EC0-301F-11D3-BF4B-00C04F79EFBC}") = "DungeonOfK", "DungeonOfK\DungeonOfK.csproj", "{2BE5CBA2-1E04-4693-B39E-DD7E55995A0D}"
EndProject
Global
	GlobalSection(SolutionConfigurationPlatforms) = preSolution
		Debug|Any CPU = Debug|Any CPU
		Release|Any CPU = Release|Any CPU
	EndGlobalSection
	GlobalSection(ProjectConfigurationPlatforms) = postSolution
		{2BE5CBA2-1E04-4693-B39E-DD7E55995A0D}.Debug|Any CPU.ActiveCfg = Debug|Any CPU
		{2BE5CBA2-1E04-4693-B39E-DD7E55995A0D}.Debug|Any CPU.Build.0 = Debug|Any CPU
		{2BE5CBA2-1E04-4693-B39E-DD7E55995A0D}.Release|Any CPU.ActiveCfg = Release|Any CPU
		{2BE5CBA2-1E04-4693-B39E-DD7E55995A0D}.Release|Any CPU.Build.0 = Release|Any CPU
	EndGlobalSection
	GlobalSection(SolutionProperties) = preSolution
		HideSolutionNode = FALSE
	EndGlobalSection
	GlobalSection(ExtensibilityGlobals) = postSolution
		SolutionGuid = {83F93F96-D976-4F70-B309-4C6A6C863CD1}
	EndGlobalSection
EndGlobal
